// !$*UTF8*$!
{
	archiveVersion = 1;
	classes = {
	};
	objectVersion = 55;
	objects = {

/* Begin PBXBuildFile section */
		CF5592C927977B3900E28AB3 /* AppDelegate.swift in Sources */ = {isa = PBXBuildFile; fileRef = CF5592C827977B3900E28AB3 /* AppDelegate.swift */; };
		CF5592CB27977B3900E28AB3 /* SceneDelegate.swift in Sources */ = {isa = PBXBuildFile; fileRef = CF5592CA27977B3900E28AB3 /* SceneDelegate.swift */; };
		CF5592CD27977B3900E28AB3 /* ViewController.swift in Sources */ = {isa = PBXBuildFile; fileRef = CF5592CC27977B3900E28AB3 /* ViewController.swift */; };
		CF5592D027977B3900E28AB3 /* Main.storyboard in Resources */ = {isa = PBXBuildFile; fileRef = CF5592CE27977B3900E28AB3 /* Main.storyboard */; };
		CF5592D227977B3C00E28AB3 /* Assets.xcassets in Resources */ = {isa = PBXBuildFile; fileRef = CF5592D127977B3C00E28AB3 /* Assets.xcassets */; };
		CF5592D527977B3C00E28AB3 /* LaunchScreen.storyboard in Resources */ = {isa = PBXBuildFile; fileRef = CF5592D327977B3C00E28AB3 /* LaunchScreen.storyboard */; };
		CF5592E027977B3D00E28AB3 /* PreworkAssignmentTests.swift in Sources */ = {isa = PBXBuildFile; fileRef = CF5592DF27977B3D00E28AB3 /* PreworkAssignmentTests.swift */; };
		CF5592EA27977B3D00E28AB3 /* PreworkAssignmentUITests.swift in Sources */ = {isa = PBXBuildFile; fileRef = CF5592E927977B3D00E28AB3 /* PreworkAssignmentUITests.swift */; };
		CF5592EC27977B3D00E28AB3 /* PreworkAssignmentUITestsLaunchTests.swift in Sources */ = {isa = PBXBuildFile; fileRef = CF5592EB27977B3D00E28AB3 /* PreworkAssignmentUITestsLaunchTests.swift */; };
/* End PBXBuildFile section */

/* Begin PBXContainerItemProxy section */
		CF5592DC27977B3D00E28AB3 /* PBXContainerItemProxy */ = {
			isa = PBXContainerItemProxy;
			containerPortal = CF5592BD27977B3900E28AB3 /* Project object */;
			proxyType = 1;
			remoteGlobalIDString = CF5592C427977B3900E28AB3;
			remoteInfo = PreworkAssignment;
		};
		CF5592E627977B3D00E28AB3 /* PBXContainerItemProxy */ = {
			isa = PBXContainerItemProxy;
			containerPortal = CF5592BD27977B3900E28AB3 /* Project object */;
			proxyType = 1;
			remoteGlobalIDString = CF5592C427977B3900E28AB3;
			remoteInfo = PreworkAssignment;
		};
/* End PBXContainerItemProxy section */

/* Begin PBXFileReference section */
		CF5592C527977B3900E28AB3 /* PreworkAssignment.app */ = {isa = PBXFileReference; explicitFileType = wrapper.application; includeInIndex = 0; path = PreworkAssignment.app; sourceTree = BUILT_PRODUCTS_DIR; };
		CF5592C827977B3900E28AB3 /* AppDelegate.swift */ = {isa = PBXFileReference; lastKnownFileType = sourcecode.swift; path = AppDelegate.swift; sourceTree = "<group>"; };
		CF5592CA27977B3900E28AB3 /* SceneDelegate.swift */ = {isa = PBXFileReference; lastKnownFileType = sourcecode.swift; path = SceneDelegate.swift; sourceTree = "<group>"; };
		CF5592CC27977B3900E28AB3 /* ViewController.swift */ = {isa = PBXFileReference; lastKnownFileType = sourcecode.swift; path = ViewController.swift; sourceTree = "<group>"; };
		CF5592CF27977B3900E28AB3 /* Base */ = {isa = PBXFileReference; lastKnownFileType = file.storyboard; name = Base; path = Base.lproj/Main.storyboard; sourceTree = "<group>"; };
		CF5592D127977B3C00E28AB3 /* Assets.xcassets */ = {isa = PBXFileReference; lastKnownFileType = folder.assetcatalog; path = Assets.xcassets; sourceTree = "<group>"; };
		CF5592D427977B3C00E28AB3 /* Base */ = {isa = PBXFileReference; lastKnownFileType = file.storyboard; name = Base; path = Base.lproj/LaunchScreen.storyboard; sourceTree = "<group>"; };
		CF5592D627977B3C00E28AB3 /* Info.plist */ = {isa = PBXFileReference; lastKnownFileType = text.plist.xml; path = Info.plist; sourceTree = "<group>"; };
		CF5592DB27977B3D00E28AB3 /* PreworkAssignmentTests.xctest */ = {isa = PBXFileReference; explicitFileType = wrapper.cfbundle; includeInIndex = 0; path = PreworkAssignmentTests.xctest; sourceTree = BUILT_PRODUCTS_DIR; };
		CF5592DF27977B3D00E28AB3 /* PreworkAssignmentTests.swift */ = {isa = PBXFileReference; lastKnownFileType = sourcecode.swift; path = PreworkAssignmentTests.swift; sourceTree = "<group>"; };
		CF5592E527977B3D00E28AB3 /* PreworkAssignmentUITests.xctest */ = {isa = PBXFileReference; explicitFileType = wrapper.cfbundle; includeInIndex = 0; path = PreworkAssignmentUITests.xctest; sourceTree = BUILT_PRODUCTS_DIR; };
		CF5592E927977B3D00E28AB3 /* PreworkAssignmentUITests.swift */ = {isa = PBXFileReference; lastKnownFileType = sourcecode.swift; path = PreworkAssignmentUITests.swift; sourceTree = "<group>"; };
		CF5592EB27977B3D00E28AB3 /* PreworkAssignmentUITestsLaunchTests.swift */ = {isa = PBXFileReference; lastKnownFileType = sourcecode.swift; path = PreworkAssignmentUITestsLaunchTests.swift; sourceTree = "<group>"; };
/* End PBXFileReference section */

/* Begin PBXFrameworksBuildPhase section */
		CF5592C227977B3900E28AB3 /* Frameworks */ = {
			isa = PBXFrameworksBuildPhase;
			buildActionMask = 2147483647;
			files = (
			);
			runOnlyForDeploymentPostprocessing = 0;
		};
		CF5592D827977B3D00E28AB3 /* Frameworks */ = {
			isa = PBXFrameworksBuildPhase;
			buildActionMask = 2147483647;
			files = (
			);
			runOnlyForDeploymentPostprocessing = 0;
		};
		CF5592E227977B3D00E28AB3 /* Frameworks */ = {
			isa = PBXFrameworksBuildPhase;
			buildActionMask = 2147483647;
			files = (
			);
			runOnlyForDeploymentPostprocessing = 0;
		};
/* End PBXFrameworksBuildPhase section */

/* Begin PBXGroup section */
		CF5592BC27977B3900E28AB3 = {
			isa = PBXGroup;
			children = (
				CF5592C727977B3900E28AB3 /* PreworkAssignment */,
				CF5592DE27977B3D00E28AB3 /* PreworkAssignmentTests */,
				CF5592E827977B3D00E28AB3 /* PreworkAssignmentUITests */,
				CF5592C627977B3900E28AB3 /* Products */,
			);
			sourceTree = "<group>";
		};
		CF5592C627977B3900E28AB3 /* Products */ = {
			isa = PBXGroup;
			children = (
				CF5592C527977B3900E28AB3 /* PreworkAssignment.app */,
				CF5592DB27977B3D00E28AB3 /* PreworkAssignmentTests.xctest */,
				CF5592E527977B3D00E28AB3 /* PreworkAssignmentUITests.xctest */,
			);
			name = Products;
			sourceTree = "<group>";
		};
		CF5592C727977B3900E28AB3 /* PreworkAssignment */ = {
			isa = PBXGroup;
			children = (
				CF5592C827977B3900E28AB3 /* AppDelegate.swift */,
				CF5592CA27977B3900E28AB3 /* SceneDelegate.swift */,
				CF5592CC27977B3900E28AB3 /* ViewController.swift */,
				CF5592CE27977B3900E28AB3 /* Main.storyboard */,
				CF5592D127977B3C00E28AB3 /* Assets.xcassets */,
				CF5592D327977B3C00E28AB3 /* LaunchScreen.storyboard */,
				CF5592D627977B3C00E28AB3 /* Info.plist */,
			);
			path = PreworkAssignment;
			sourceTree = "<group>";
		};
		CF5592DE27977B3D00E28AB3 /* PreworkAssignmentTests */ = {
			isa = PBXGroup;
			children = (
				CF5592DF27977B3D00E28AB3 /* PreworkAssignmentTests.swift */,
			);
			path = PreworkAssignmentTests;
			sourceTree = "<group>";
		};
		CF5592E827977B3D00E28AB3 /* PreworkAssignmentUITests */ = {
			isa = PBXGroup;
			children = (
				CF5592E927977B3D00E28AB3 /* PreworkAssignmentUITests.swift */,
				CF5592EB27977B3D00E28AB3 /* PreworkAssignmentUITestsLaunchTests.swift */,
			);
			path = PreworkAssignmentUITests;
			sourceTree = "<group>";
		};
/* End PBXGroup section */

/* Begin PBXNativeTarget section */
		CF5592C427977B3900E28AB3 /* PreworkAssignment */ = {
			isa = PBXNativeTarget;
			buildConfigurationList = CF5592EF27977B3D00E28AB3 /* Build configuration list for PBXNativeTarget "PreworkAssignment" */;
			buildPhases = (
				CF5592C127977B3900E28AB3 /* Sources */,
				CF5592C227977B3900E28AB3 /* Frameworks */,
				CF5592C327977B3900E28AB3 /* Resources */,
			);
			buildRules = (
			);
			dependencies = (
			);
			name = PreworkAssignment;
			productName = PreworkAssignment;
			productReference = CF5592C527977B3900E28AB3 /* PreworkAssignment.app */;
			productType = "com.apple.product-type.application";
		};
		CF5592DA27977B3D00E28AB3 /* PreworkAssignmentTests */ = {
			isa = PBXNativeTarget;
			buildConfigurationList = CF5592F227977B3D00E28AB3 /* Build configuration list for PBXNativeTarget "PreworkAssignmentTests" */;
			buildPhases = (
				CF5592D727977B3D00E28AB3 /* Sources */,
				CF5592D827977B3D00E28AB3 /* Frameworks */,
				CF5592D927977B3D00E28AB3 /* Resources */,
			);
			buildRules = (
			);
			dependencies = (
				CF5592DD27977B3D00E28AB3 /* PBXTargetDependency */,
			);
			name = PreworkAssignmentTests;
			productName = PreworkAssignmentTests;
			productReference = CF5592DB27977B3D00E28AB3 /* PreworkAssignmentTests.xctest */;
			productType = "com.apple.product-type.bundle.unit-test";
		};
		CF5592E427977B3D00E28AB3 /* PreworkAssignmentUITests */ = {
			isa = PBXNativeTarget;
			buildConfigurationList = CF5592F527977B3D00E28AB3 /* Build configuration list for PBXNativeTarget "PreworkAssignmentUITests" */;
			buildPhases = (
				CF5592E127977B3D00E28AB3 /* Sources */,
				CF5592E227977B3D00E28AB3 /* Frameworks */,
				CF5592E327977B3D00E28AB3 /* Resources */,
			);
			buildRules = (
			);
			dependencies = (
				CF5592E727977B3D00E28AB3 /* PBXTargetDependency */,
			);
			name = PreworkAssignmentUITests;
			productName = PreworkAssignmentUITests;
			productReference = CF5592E527977B3D00E28AB3 /* PreworkAssignmentUITests.xctest */;
			productType = "com.apple.product-type.bundle.ui-testing";
		};
/* End PBXNativeTarget section */

/* Begin PBXProject section */
		CF5592BD27977B3900E28AB3 /* Project object */ = {
			isa = PBXProject;
			attributes = {
				BuildIndependentTargetsInParallel = 1;
				LastSwiftUpdateCheck = 1310;
				LastUpgradeCheck = 1310;
				TargetAttributes = {
					CF5592C427977B3900E28AB3 = {
						CreatedOnToolsVersion = 13.1;
					};
					CF5592DA27977B3D00E28AB3 = {
						CreatedOnToolsVersion = 13.1;
						TestTargetID = CF5592C427977B3900E28AB3;
					};
					CF5592E427977B3D00E28AB3 = {
						CreatedOnToolsVersion = 13.1;
						TestTargetID = CF5592C427977B3900E28AB3;
					};
				};
			};
			buildConfigurationList = CF5592C027977B3900E28AB3 /* Build configuration list for PBXProject "PreworkAssignment" */;
			compatibilityVersion = "Xcode 13.0";
			developmentRegion = en;
			hasScannedForEncodings = 0;
			knownRegions = (
				en,
				Base,
			);
			mainGroup = CF5592BC27977B3900E28AB3;
			productRefGroup = CF5592C627977B3900E28AB3 /* Products */;
			projectDirPath = "";
			projectRoot = "";
			targets = (
				CF5592C427977B3900E28AB3 /* PreworkAssignment */,
				CF5592DA27977B3D00E28AB3 /* PreworkAssignmentTests */,
				CF5592E427977B3D00E28AB3 /* PreworkAssignmentUITests */,
			);
		};
/* End PBXProject section */

/* Begin PBXResourcesBuildPhase section */
		CF5592C327977B3900E28AB3 /* Resources */ = {
			isa = PBXResourcesBuildPhase;
			buildActionMask = 2147483647;
			files = (
				CF5592D527977B3C00E28AB3 /* LaunchScreen.storyboard in Resources */,
				CF5592D227977B3C00E28AB3 /* Assets.xcassets in Resources */,
				CF5592D027977B3900E28AB3 /* Main.storyboard in Resources */,
			);
			runOnlyForDeploymentPostprocessing = 0;
		};
		CF5592D927977B3D00E28AB3 /* Resources */ = {
			isa = PBXResourcesBuildPhase;
			buildActionMask = 2147483647;
			files = (
			);
			runOnlyForDeploymentPostprocessing = 0;
		};
		CF5592E327977B3D00E28AB3 /* Resources */ = {
			isa = PBXResourcesBuildPhase;
			buildActionMask = 2147483647;
			files = (
			);
			runOnlyForDeploymentPostprocessing = 0;
		};
/* End PBXResourcesBuildPhase section */

/* Begin PBXSourcesBuildPhase section */
		CF5592C127977B3900E28AB3 /* Sources */ = {
			isa = PBXSourcesBuildPhase;
			buildActionMask = 2147483647;
			files = (
				CF5592CD27977B3900E28AB3 /* ViewController.swift in Sources */,
				CF5592C927977B3900E28AB3 /* AppDelegate.swift in Sources */,
				CF5592CB27977B3900E28AB3 /* SceneDelegate.swift in Sources */,
			);
			runOnlyForDeploymentPostprocessing = 0;
		};
		CF5592D727977B3D00E28AB3 /* Sources */ = {
			isa = PBXSourcesBuildPhase;
			buildActionMask = 2147483647;
			files = (
				CF5592E027977B3D00E28AB3 /* PreworkAssignmentTests.swift in Sources */,
			);
			runOnlyForDeploymentPostprocessing = 0;
		};
		CF5592E127977B3D00E28AB3 /* Sources */ = {
			isa = PBXSourcesBuildPhase;
			buildActionMask = 2147483647;
			files = (
				CF5592EC27977B3D00E28AB3 /* PreworkAssignmentUITestsLaunchTests.swift in Sources */,
				CF5592EA27977B3D00E28AB3 /* PreworkAssignmentUITests.swift in Sources */,
			);
			runOnlyForDeploymentPostprocessing = 0;
		};
/* End PBXSourcesBuildPhase section */

/* Begin PBXTargetDependency section */
		CF5592DD27977B3D00E28AB3 /* PBXTargetDependency */ = {
			isa = PBXTargetDependency;
			target = CF5592C427977B3900E28AB3 /* PreworkAssignment */;
			targetProxy = CF5592DC27977B3D00E28AB3 /* PBXContainerItemProxy */;
		};
		CF5592E727977B3D00E28AB3 /* PBXTargetDependency */ = {
			isa = PBXTargetDependency;
			target = CF5592C427977B3900E28AB3 /* PreworkAssignment */;
			targetProxy = CF5592E627977B3D00E28AB3 /* PBXContainerItemProxy */;
		};
/* End PBXTargetDependency section */

/* Begin PBXVariantGroup section */
		CF5592CE27977B3900E28AB3 /* Main.storyboard */ = {
			isa = PBXVariantGroup;
			children = (
				CF5592CF27977B3900E28AB3 /* Base */,
			);
			name = Main.storyboard;
			sourceTree = "<group>";
		};
		CF5592D327977B3C00E28AB3 /* LaunchScreen.storyboard */ = {
			isa = PBXVariantGroup;
			children = (
				CF5592D427977B3C00E28AB3 /* Base */,
			);
			name = LaunchScreen.storyboard;
			sourceTree = "<group>";
		};
/* End PBXVariantGroup section */

/* Begin XCBuildConfiguration section */
		CF5592ED27977B3D00E28AB3 /* Debug */ = {
			isa = XCBuildConfiguration;
			buildSettings = {
				ALWAYS_SEARCH_USER_PATHS = NO;
				CLANG_ANALYZER_NONNULL = YES;
				CLANG_ANALYZER_NUMBER_OBJECT_CONVERSION = YES_AGGRESSIVE;
				CLANG_CXX_LANGUAGE_STANDARD = "gnu++17";
				CLANG_CXX_LIBRARY = "libc++";
				CLANG_ENABLE_MODULES = YES;
				CLANG_ENABLE_OBJC_ARC = YES;
				CLANG_ENABLE_OBJC_WEAK = YES;
				CLANG_WARN_BLOCK_CAPTURE_AUTORELEASING = YES;
				CLANG_WARN_BOOL_CONVERSION = YES;
				CLANG_WARN_COMMA = YES;
				CLANG_WARN_CONSTANT_CONVERSION = YES;
				CLANG_WARN_DEPRECATED_OBJC_IMPLEMENTATIONS = YES;
				CLANG_WARN_DIRECT_OBJC_ISA_USAGE = YES_ERROR;
				CLANG_WARN_DOCUMENTATION_COMMENTS = YES;
				CLANG_WARN_EMPTY_BODY = YES;
				CLANG_WARN_ENUM_CONVERSION = YES;
				CLANG_WARN_INFINITE_RECURSION = YES;
				CLANG_WARN_INT_CONVERSION = YES;
				CLANG_WARN_NON_LITERAL_NULL_CONVERSION = YES;
				CLANG_WARN_OBJC_IMPLICIT_RETAIN_SELF = YES;
				CLANG_WARN_OBJC_LITERAL_CONVERSION = YES;
				CLANG_WARN_OBJC_ROOT_CLASS = YES_ERROR;
				CLANG_WARN_QUOTED_INCLUDE_IN_FRAMEWORK_HEADER = YES;
				CLANG_WARN_RANGE_LOOP_ANALYSIS = YES;
				CLANG_WARN_STRICT_PROTOTYPES = YES;
				CLANG_WARN_SUSPICIOUS_MOVE = YES;
				CLANG_WARN_UNGUARDED_AVAILABILITY = YES_AGGRESSIVE;
				CLANG_WARN_UNREACHABLE_CODE = YES;
				CLANG_WARN__DUPLICATE_METHOD_MATCH = YES;
				COPY_PHASE_STRIP = NO;
				DEBUG_INFORMATION_FORMAT = dwarf;
				ENABLE_STRICT_OBJC_MSGSEND = YES;
				ENABLE_TESTABILITY = YES;
				GCC_C_LANGUAGE_STANDARD = gnu11;
				GCC_DYNAMIC_NO_PIC = NO;
				GCC_NO_COMMON_BLOCKS = YES;
				GCC_OPTIMIZATION_LEVEL = 0;
				GCC_PREPROCESSOR_DEFINITIONS = (
					"DEBUG=1",
					"$(inherited)",
				);
				GCC_WARN_64_TO_32_BIT_CONVERSION = YES;
				GCC_WARN_ABOUT_RETURN_TYPE = YES_ERROR;
				GCC_WARN_UNDECLARED_SELECTOR = YES;
				GCC_WARN_UNINITIALIZED_AUTOS = YES_AGGRESSIVE;
				GCC_WARN_UNUSED_FUNCTION = YES;
				GCC_WARN_UNUSED_VARIABLE = YES;
				IPHONEOS_DEPLOYMENT_TARGET = 15.0;
				MTL_ENABLE_DEBUG_INFO = INCLUDE_SOURCE;
				MTL_FAST_MATH = YES;
				ONLY_ACTIVE_ARCH = YES;
				SDKROOT = iphoneos;
				SWIFT_ACTIVE_COMPILATION_CONDITIONS = DEBUG;
				SWIFT_OPTIMIZATION_LEVEL = "-Onone";
			};
			name = Debug;
		};
		CF5592EE27977B3D00E28AB3 /* Release */ = {
			isa = XCBuildConfiguration;
			buildSettings = {
				ALWAYS_SEARCH_USER_PATHS = NO;
				CLANG_ANALYZER_NONNULL = YES;
				CLANG_ANALYZER_NUMBER_OBJECT_CONVERSION = YES_AGGRESSIVE;
				CLANG_CXX_LANGUAGE_STANDARD = "gnu++17";
				CLANG_CXX_LIBRARY = "libc++";
				CLANG_ENABLE_MODULES = YES;
				CLANG_ENABLE_OBJC_ARC = YES;
				CLANG_ENABLE_OBJC_WEAK = YES;
				CLANG_WARN_BLOCK_CAPTURE_AUTORELEASING = YES;
				CLANG_WARN_BOOL_CONVERSION = YES;
				CLANG_WARN_COMMA = YES;
				CLANG_WARN_CONSTANT_CONVERSION = YES;
				CLANG_WARN_DEPRECATED_OBJC_IMPLEMENTATIONS = YES;
				CLANG_WARN_DIRECT_OBJC_ISA_USAGE = YES_ERROR;
				CLANG_WARN_DOCUMENTATION_COMMENTS = YES;
				CLANG_WARN_EMPTY_BODY = YES;
				CLANG_WARN_ENUM_CONVERSION = YES;
				CLANG_WARN_INFINITE_RECURSION = YES;
				CLANG_WARN_INT_CONVERSION = YES;
				CLANG_WARN_NON_LITERAL_NULL_CONVERSION = YES;
				CLANG_WARN_OBJC_IMPLICIT_RETAIN_SELF = YES;
				CLANG_WARN_OBJC_LITERAL_CONVERSION = YES;
				CLANG_WARN_OBJC_ROOT_CLASS = YES_ERROR;
				CLANG_WARN_QUOTED_INCLUDE_IN_FRAMEWORK_HEADER = YES;
				CLANG_WARN_RANGE_LOOP_ANALYSIS = YES;
				CLANG_WARN_STRICT_PROTOTYPES = YES;
				CLANG_WARN_SUSPICIOUS_MOVE = YES;
				CLANG_WARN_UNGUARDED_AVAILABILITY = YES_AGGRESSIVE;
				CLANG_WARN_UNREACHABLE_CODE = YES;
				CLANG_WARN__DUPLICATE_METHOD_MATCH = YES;
				COPY_PHASE_STRIP = NO;
				DEBUG_INFORMATION_FORMAT = "dwarf-with-dsym";
				ENABLE_NS_ASSERTIONS = NO;
				ENABLE_STRICT_OBJC_MSGSEND = YES;
				GCC_C_LANGUAGE_STANDARD = gnu11;
				GCC_NO_COMMON_BLOCKS = YES;
				GCC_WARN_64_TO_32_BIT_CONVERSION = YES;
				GCC_WARN_ABOUT_RETURN_TYPE = YES_ERROR;
				GCC_WARN_UNDECLARED_SELECTOR = YES;
				GCC_WARN_UNINITIALIZED_AUTOS = YES_AGGRESSIVE;
				GCC_WARN_UNUSED_FUNCTION = YES;
				GCC_WARN_UNUSED_VARIABLE = YES;
				IPHONEOS_DEPLOYMENT_TARGET = 15.0;
				MTL_ENABLE_DEBUG_INFO = NO;
				MTL_FAST_MATH = YES;
				SDKROOT = iphoneos;
				SWIFT_COMPILATION_MODE = wholemodule;
				SWIFT_OPTIMIZATION_LEVEL = "-O";
				VALIDATE_PRODUCT = YES;
			};
			name = Release;
		};
		CF5592F027977B3D00E28AB3 /* Debug */ = {
			isa = XCBuildConfiguration;
			buildSettings = {
				ASSETCATALOG_COMPILER_APPICON_NAME = AppIcon;
				ASSETCATALOG_COMPILER_GLOBAL_ACCENT_COLOR_NAME = AccentColor;
				CODE_SIGN_STYLE = Automatic;
				CURRENT_PROJECT_VERSION = 1;
				GENERATE_INFOPLIST_FILE = YES;
				INFOPLIST_FILE = PreworkAssignment/Info.plist;
				INFOPLIST_KEY_UIApplicationSupportsIndirectInputEvents = YES;
				INFOPLIST_KEY_UILaunchStoryboardName = LaunchScreen;
				INFOPLIST_KEY_UIMainStoryboardFile = Main;
				INFOPLIST_KEY_UISupportedInterfaceOrientations_iPad = "UIInterfaceOrientationPortrait UIInterfaceOrientationPortraitUpsideDown UIInterfaceOrientationLandscapeLeft UIInterfaceOrientationLandscapeRight";
				INFOPLIST_KEY_UISupportedInterfaceOrientations_iPhone = "UIInterfaceOrientationPortrait UIInterfaceOrientationLandscapeLeft UIInterfaceOrientationLandscapeRight";
				LD_RUNPATH_SEARCH_PATHS = (
					"$(inherited)",
					"@executable_path/Frameworks",
				);
				MARKETING_VERSION = 1.0;
				PRODUCT_BUNDLE_IDENTIFIER = ZacharyFreeman.PreworkAssignment;
				PRODUCT_NAME = "$(TARGET_NAME)";
				SWIFT_EMIT_LOC_STRINGS = YES;
				SWIFT_VERSION = 5.0;
				TARGETED_DEVICE_FAMILY = "1,2";
			};
			name = Debug;
		};
		CF5592F127977B3D00E28AB3 /* Release */ = {
			isa = XCBuildConfiguration;
			buildSettings = {
				ASSETCATALOG_COMPILER_APPICON_NAME = AppIcon;
				ASSETCATALOG_COMPILER_GLOBAL_ACCENT_COLOR_NAME = AccentColor;
				CODE_SIGN_STYLE = Automatic;
				CURRENT_PROJECT_VERSION = 1;
				GENERATE_INFOPLIST_FILE = YES;
				INFOPLIST_FILE = PreworkAssignment/Info.plist;
				INFOPLIST_KEY_UIApplicationSupportsIndirectInputEvents = YES;
				INFOPLIST_KEY_UILaunchStoryboardName = LaunchScreen;
				INFOPLIST_KEY_UIMainStoryboardFile = Main;
				INFOPLIST_KEY_UISupportedInterfaceOrientations_iPad = "UIInterfaceOrientationPortrait UIInterfaceOrientationPortraitUpsideDown UIInterfaceOrientationLandscapeLeft UIInterfaceOrientationLandscapeRight";
				INFOPLIST_KEY_UISupportedInterfaceOrientations_iPhone = "UIInterfaceOrientationPortrait UIInterfaceOrientationLandscapeLeft UIInterfaceOrientationLandscapeRight";
				LD_RUNPATH_SEARCH_PATHS = (
					"$(inherited)",
					"@executable_path/Frameworks",
				);
				MARKETING_VERSION = 1.0;
				PRODUCT_BUNDLE_IDENTIFIER = ZacharyFreeman.PreworkAssignment;
				PRODUCT_NAME = "$(TARGET_NAME)";
				SWIFT_EMIT_LOC_STRINGS = YES;
				SWIFT_VERSION = 5.0;
				TARGETED_DEVICE_FAMILY = "1,2";
			};
			name = Release;
		};
		CF5592F327977B3D00E28AB3 /* Debug */ = {
			isa = XCBuildConfiguration;
			buildSettings = {
				ALWAYS_EMBED_SWIFT_STANDARD_LIBRARIES = YES;
				BUNDLE_LOADER = "$(TEST_HOST)";
				CODE_SIGN_STYLE = Automatic;
				CURRENT_PROJECT_VERSION = 1;
				GENERATE_INFOPLIST_FILE = YES;
				IPHONEOS_DEPLOYMENT_TARGET = 15.0;
				LD_RUNPATH_SEARCH_PATHS = (
					"$(inherited)",
					"@executable_path/Frameworks",
					"@loader_path/Frameworks",
				);
				MARKETING_VERSION = 1.0;
				PRODUCT_BUNDLE_IDENTIFIER = ZacharyFreeman.PreworkAssignmentTests;
				PRODUCT_NAME = "$(TARGET_NAME)";
				SWIFT_EMIT_LOC_STRINGS = NO;
				SWIFT_VERSION = 5.0;
				TARGETED_DEVICE_FAMILY = "1,2";
				TEST_HOST = "$(BUILT_PRODUCTS_DIR)/PreworkAssignment.app/PreworkAssignment";
			};
			name = Debug;
		};
		CF5592F427977B3D00E28AB3 /* Release */ = {
			isa = XCBuildConfiguration;
			buildSettings = {
				ALWAYS_EMBED_SWIFT_STANDARD_LIBRARIES = YES;
				BUNDLE_LOADER = "$(TEST_HOST)";
				CODE_SIGN_STYLE = Automatic;
				CURRENT_PROJECT_VERSION = 1;
				GENERATE_INFOPLIST_FILE = YES;
				IPHONEOS_DEPLOYMENT_TARGET = 15.0;
				LD_RUNPATH_SEARCH_PATHS = (
					"$(inherited)",
					"@executable_path/Frameworks",
					"@loader_path/Frameworks",
				);
				MARKETING_VERSION = 1.0;
				PRODUCT_BUNDLE_IDENTIFIER = ZacharyFreeman.PreworkAssignmentTests;
				PRODUCT_NAME = "$(TARGET_NAME)";
				SWIFT_EMIT_LOC_STRINGS = NO;
				SWIFT_VERSION = 5.0;
				TARGETED_DEVICE_FAMILY = "1,2";
				TEST_HOST = "$(BUILT_PRODUCTS_DIR)/PreworkAssignment.app/PreworkAssignment";
			};
			name = Release;
		};
		CF5592F627977B3D00E28AB3 /* Debug */ = {
			isa = XCBuildConfiguration;
			buildSettings = {
				ALWAYS_EMBED_SWIFT_STANDARD_LIBRARIES = YES;
				CODE_SIGN_STYLE = Automatic;
				CURRENT_PROJECT_VERSION = 1;
				GENERATE_INFOPLIST_FILE = YES;
				LD_RUNPATH_SEARCH_PATHS = (
					"$(inherited)",
					"@executable_path/Frameworks",
					"@loader_path/Frameworks",
				);
				MARKETING_VERSION = 1.0;
				PRODUCT_BUNDLE_IDENTIFIER = ZacharyFreeman.PreworkAssignmentUITests;
				PRODUCT_NAME = "$(TARGET_NAME)";
				SWIFT_EMIT_LOC_STRINGS = NO;
				SWIFT_VERSION = 5.0;
				TARGETED_DEVICE_FAMILY = "1,2";
				TEST_TARGET_NAME = PreworkAssignment;
			};
			name = Debug;
		};
		CF5592F727977B3D00E28AB3 /* Release */ = {
			isa = XCBuildConfiguration;
			buildSettings = {
				ALWAYS_EMBED_SWIFT_STANDARD_LIBRARIES = YES;
				CODE_SIGN_STYLE = Automatic;
				CURRENT_PROJECT_VERSION = 1;
				GENERATE_INFOPLIST_FILE = YES;
				LD_RUNPATH_SEARCH_PATHS = (
					"$(inherited)",
					"@executable_path/Frameworks",
					"@loader_path/Frameworks",
				);
				MARKETING_VERSION = 1.0;
				PRODUCT_BUNDLE_IDENTIFIER = ZacharyFreeman.PreworkAssignmentUITests;
				PRODUCT_NAME = "$(TARGET_NAME)";
				SWIFT_EMIT_LOC_STRINGS = NO;
				SWIFT_VERSION = 5.0;
				TARGETED_DEVICE_FAMILY = "1,2";
				TEST_TARGET_NAME = PreworkAssignment;
			};
			name = Release;
		};
/* End XCBuildConfiguration section */

/* Begin XCConfigurationList section */
		CF5592C027977B3900E28AB3 /* Build configuration list for PBXProject "PreworkAssignment" */ = {
			isa = XCConfigurationList;
			buildConfigurations = (
				CF5592ED27977B3D00E28AB3 /* Debug */,
				CF5592EE27977B3D00E28AB3 /* Release */,
			);
			defaultConfigurationIsVisible = 0;
			defaultConfigurationName = Release;
		};
		CF5592EF27977B3D00E28AB3 /* Build configuration list for PBXNativeTarget "PreworkAssignment" */ = {
			isa = XCConfigurationList;
			buildConfigurations = (
				CF5592F027977B3D00E28AB3 /* Debug */,
				CF5592F127977B3D00E28AB3 /* Release */,
			);
			defaultConfigurationIsVisible = 0;
			defaultConfigurationName = Release;
		};
		CF5592F227977B3D00E28AB3 /* Build configuration list for PBXNativeTarget "PreworkAssignmentTests" */ = {
			isa = XCConfigurationList;
			buildConfigurations = (
				CF5592F327977B3D00E28AB3 /* Debug */,
				CF5592F427977B3D00E28AB3 /* Release */,
			);
			defaultConfigurationIsVisible = 0;
			defaultConfigurationName = Release;
		};
		CF5592F527977B3D00E28AB3 /* Build configuration list for PBXNativeTarget "PreworkAssignmentUITests" */ = {
			isa = XCConfigurationList;
			buildConfigurations = (
				CF5592F627977B3D00E28AB3 /* Debug */,
				CF5592F727977B3D00E28AB3 /* Release */,
			);
			defaultConfigurationIsVisible = 0;
			defaultConfigurationName = Release;
		};
/* End XCConfigurationList section */
	};
	rootObject = CF5592BD27977B3900E28AB3 /* Project object */;
}
